
Microsoft Visual Studio Solution File, Format Version 12.00
# Visual Studio Version 16
VisualStudioVersion = 16.0.32802.440
MinimumVisualStudioVersion = 10.0.40219.1
Project("{FAE04EC0-301F-11D3-BF4B-00C04F79EFBC}") = "T10", "T10\T10.csproj", "{1CC9BA8D-0D79-4A26-B318-F56EFF3596D8}"
EndProject
Project("{FAE04EC0-301F-11D3-BF4B-00C04F79EFBC}") = "C1", "C1\C1.csproj", "{3B788E2B-DDB6-45CF-8671-253FA65C8408}"
EndProject
Project("{FAE04EC0-301F-11D3-BF4B-00C04F79EFBC}") = "C2", "C2\C2.csproj", "{3F123941-BC66-4C5C-B43A-54F4AB0D225F}"
EndProject
Project("{FAE04EC0-301F-11D3-BF4B-00C04F79EFBC}") = "C3", "C3\C3.csproj", "{71E0A905-70C2-4A7C-BF01-5E3CF8BA3979}"
EndProject
Project("{FAE04EC0-301F-11D3-BF4B-00C04F79EFBC}") = "C4", "C4\C4.csproj", "{3A0D7D57-419F-4108-940D-8DF77E3EC702}"
EndProject
Global
	GlobalSection(SolutionConfigurationPlatforms) = preSolution
		Debug|Any CPU = Debug|Any CPU
		Release|Any CPU = Release|Any CPU
	EndGlobalSection
	GlobalSection(ProjectConfigurationPlatforms) = postSolution
		{1CC9BA8D-0D79-4A26-B318-F56EFF3596D8}.Debug|Any CPU.ActiveCfg = Debug|Any CPU
		{1CC9BA8D-0D79-4A26-B318-F56EFF3596D8}.Debug|Any CPU.Build.0 = Debug|Any CPU
		{1CC9BA8D-0D79-4A26-B318-F56EFF3596D8}.Release|Any CPU.ActiveCfg = Release|Any CPU
		{1CC9BA8D-0D79-4A26-B318-F56EFF3596D8}.Release|Any CPU.Build.0 = Release|Any CPU
		{3B788E2B-DDB6-45CF-8671-253FA65C8408}.Debug|Any CPU.ActiveCfg = Debug|Any CPU
		{3B788E2B-DDB6-45CF-8671-253FA65C8408}.Debug|Any CPU.Build.0 = Debug|Any CPU
		{3B788E2B-DDB6-45CF-8671-253FA65C8408}.Release|Any CPU.ActiveCfg = Release|Any CPU
		{3B788E2B-DDB6-45CF-8671-253FA65C8408}.Release|Any CPU.Build.0 = Release|Any CPU
		{3F123941-BC66-4C5C-B43A-54F4AB0D225F}.Debug|Any CPU.ActiveCfg = Debug|Any CPU
		{3F123941-BC66-4C5C-B43A-54F4AB0D225F}.Debug|Any CPU.Build.0 = Debug|Any CPU
		{3F123941-BC66-4C5C-B43A-54F4AB0D225F}.Release|Any CPU.ActiveCfg = Release|Any CPU
		{3F123941-BC66-4C5C-B43A-54F4AB0D225F}.Release|Any CPU.Build.0 = Release|Any CPU
		{71E0A905-70C2-4A7C-BF01-5E3CF8BA3979}.Debug|Any CPU.ActiveCfg = Debug|Any CPU
		{71E0A905-70C2-4A7C-BF01-5E3CF8BA3979}.Debug|Any CPU.Build.0 = Debug|Any CPU
		{71E0A905-70C2-4A7C-BF01-5E3CF8BA3979}.Release|Any CPU.ActiveCfg = Release|Any CPU
		{71E0A905-70C2-4A7C-BF01-5E3CF8BA3979}.Release|Any CPU.Build.0 = Release|Any CPU
		{3A0D7D57-419F-4108-940D-8DF77E3EC702}.Debug|Any CPU.ActiveCfg = Debug|Any CPU
		{3A0D7D57-419F-4108-940D-8DF77E3EC702}.Debug|Any CPU.Build.0 = Debug|Any CPU
		{3A0D7D57-419F-4108-940D-8DF77E3EC702}.Release|Any CPU.ActiveCfg = Release|Any CPU
		{3A0D7D57-419F-4108-940D-8DF77E3EC702}.Release|Any CPU.Build.0 = Release|Any CPU
	EndGlobalSection
	GlobalSection(SolutionProperties) = preSolution
		HideSolutionNode = FALSE
	EndGlobalSection
	GlobalSection(ExtensibilityGlobals) = postSolution
		SolutionGuid = {693D98B4-EEF9-4094-B91D-3FB4941BCF7A}
	EndGlobalSection
EndGlobal
