
Microsoft Visual Studio Solution File, Format Version 12.00
# Visual Studio Version 16
VisualStudioVersion = 16.0.34031.81
MinimumVisualStudioVersion = 10.0.40219.1
Project("{9A19103F-16F7-4668-BE54-9A1E7A4F7556}") = "C2", "C2\C2.csproj", "{A492B2F9-6F88-46BC-9AE4-8F2AB78431F6}"
EndProject
Project("{9A19103F-16F7-4668-BE54-9A1E7A4F7556}") = "C3", "C3\C3.csproj", "{002D4CB8-48B6-4046-8524-3563619A700C}"
EndProject
Project("{9A19103F-16F7-4668-BE54-9A1E7A4F7556}") = "C3Api", "C3Api\C3Api.csproj", "{2C36DD4A-F733-441D-BDB2-2EA78F055353}"
EndProject
Project("{FAE04EC0-301F-11D3-BF4B-00C04F79EFBC}") = "C4", "C4\C4.csproj", "{D7C5BB87-CD8C-4A44-94CC-8D683E6214B2}"
EndProject
Global
	GlobalSection(SolutionConfigurationPlatforms) = preSolution
		Debug|Any CPU = Debug|Any CPU
		Release|Any CPU = Release|Any CPU
	EndGlobalSection
	GlobalSection(ProjectConfigurationPlatforms) = postSolution
		{A492B2F9-6F88-46BC-9AE4-8F2AB78431F6}.Debug|Any CPU.ActiveCfg = Debug|Any CPU
		{A492B2F9-6F88-46BC-9AE4-8F2AB78431F6}.Debug|Any CPU.Build.0 = Debug|Any CPU
		{A492B2F9-6F88-46BC-9AE4-8F2AB78431F6}.Release|Any CPU.ActiveCfg = Release|Any CPU
		{A492B2F9-6F88-46BC-9AE4-8F2AB78431F6}.Release|Any CPU.Build.0 = Release|Any CPU
		{002D4CB8-48B6-4046-8524-3563619A700C}.Debug|Any CPU.ActiveCfg = Debug|Any CPU
		{002D4CB8-48B6-4046-8524-3563619A700C}.Debug|Any CPU.Build.0 = Debug|Any CPU
		{002D4CB8-48B6-4046-8524-3563619A700C}.Release|Any CPU.ActiveCfg = Release|Any CPU
		{002D4CB8-48B6-4046-8524-3563619A700C}.Release|Any CPU.Build.0 = Release|Any CPU
		{2C36DD4A-F733-441D-BDB2-2EA78F055353}.Debug|Any CPU.ActiveCfg = Debug|Any CPU
		{2C36DD4A-F733-441D-BDB2-2EA78F055353}.Debug|Any CPU.Build.0 = Debug|Any CPU
		{2C36DD4A-F733-441D-BDB2-2EA78F055353}.Release|Any CPU.ActiveCfg = Release|Any CPU
		{2C36DD4A-F733-441D-BDB2-2EA78F055353}.Release|Any CPU.Build.0 = Release|Any CPU
		{D7C5BB87-CD8C-4A44-94CC-8D683E6214B2}.Debug|Any CPU.ActiveCfg = Debug|Any CPU
		{D7C5BB87-CD8C-4A44-94CC-8D683E6214B2}.Debug|Any CPU.Build.0 = Debug|Any CPU
		{D7C5BB87-CD8C-4A44-94CC-8D683E6214B2}.Release|Any CPU.ActiveCfg = Release|Any CPU
		{D7C5BB87-CD8C-4A44-94CC-8D683E6214B2}.Release|Any CPU.Build.0 = Release|Any CPU
	EndGlobalSection
	GlobalSection(SolutionProperties) = preSolution
		HideSolutionNode = FALSE
	EndGlobalSection
	GlobalSection(ExtensibilityGlobals) = postSolution
		SolutionGuid = {D6B99040-D9B2-4534-8658-F639B4A71577}
	EndGlobalSection
EndGlobal
