
Microsoft Visual Studio Solution File, Format Version 12.00
# Visual Studio Version 16
VisualStudioVersion = 16.0.34114.132
MinimumVisualStudioVersion = 10.0.40219.1
Project("{FAE04EC0-301F-11D3-BF4B-00C04F79EFBC}") = "C2", "C2\C2.csproj", "{5773A410-5844-46CC-8541-C332B54F73A9}"
EndProject
Project("{FAE04EC0-301F-11D3-BF4B-00C04F79EFBC}") = "C1", "C1\C1.csproj", "{6BAB3A3D-3FB5-48CD-AA2B-1A6CCE338DA9}"
EndProject
Project("{FAE04EC0-301F-11D3-BF4B-00C04F79EFBC}") = "C3", "C3\C3.csproj", "{54001320-B3C1-4B93-9DB8-870200F9BD89}"
EndProject
Project("{FAE04EC0-301F-11D3-BF4B-00C04F79EFBC}") = "C4", "C4\C4.csproj", "{761DED7E-3615-4970-BFF1-7A43790F5836}"
EndProject
Project("{FAE04EC0-301F-11D3-BF4B-00C04F79EFBC}") = "C5", "C5\C5.csproj", "{79BE6BC7-D308-4E5E-88B3-2A530E212710}"
EndProject
Global
	GlobalSection(SolutionConfigurationPlatforms) = preSolution
		Debug|Any CPU = Debug|Any CPU
		Release|Any CPU = Release|Any CPU
	EndGlobalSection
	GlobalSection(ProjectConfigurationPlatforms) = postSolution
		{5773A410-5844-46CC-8541-C332B54F73A9}.Debug|Any CPU.ActiveCfg = Debug|Any CPU
		{5773A410-5844-46CC-8541-C332B54F73A9}.Debug|Any CPU.Build.0 = Debug|Any CPU
		{5773A410-5844-46CC-8541-C332B54F73A9}.Release|Any CPU.ActiveCfg = Release|Any CPU
		{5773A410-5844-46CC-8541-C332B54F73A9}.Release|Any CPU.Build.0 = Release|Any CPU
		{6BAB3A3D-3FB5-48CD-AA2B-1A6CCE338DA9}.Debug|Any CPU.ActiveCfg = Debug|Any CPU
		{6BAB3A3D-3FB5-48CD-AA2B-1A6CCE338DA9}.Debug|Any CPU.Build.0 = Debug|Any CPU
		{6BAB3A3D-3FB5-48CD-AA2B-1A6CCE338DA9}.Release|Any CPU.ActiveCfg = Release|Any CPU
		{6BAB3A3D-3FB5-48CD-AA2B-1A6CCE338DA9}.Release|Any CPU.Build.0 = Release|Any CPU
		{54001320-B3C1-4B93-9DB8-870200F9BD89}.Debug|Any CPU.ActiveCfg = Debug|Any CPU
		{54001320-B3C1-4B93-9DB8-870200F9BD89}.Debug|Any CPU.Build.0 = Debug|Any CPU
		{54001320-B3C1-4B93-9DB8-870200F9BD89}.Release|Any CPU.ActiveCfg = Release|Any CPU
		{54001320-B3C1-4B93-9DB8-870200F9BD89}.Release|Any CPU.Build.0 = Release|Any CPU
		{761DED7E-3615-4970-BFF1-7A43790F5836}.Debug|Any CPU.ActiveCfg = Debug|Any CPU
		{761DED7E-3615-4970-BFF1-7A43790F5836}.Debug|Any CPU.Build.0 = Debug|Any CPU
		{761DED7E-3615-4970-BFF1-7A43790F5836}.Release|Any CPU.ActiveCfg = Release|Any CPU
		{761DED7E-3615-4970-BFF1-7A43790F5836}.Release|Any CPU.Build.0 = Release|Any CPU
		{79BE6BC7-D308-4E5E-88B3-2A530E212710}.Debug|Any CPU.ActiveCfg = Debug|Any CPU
		{79BE6BC7-D308-4E5E-88B3-2A530E212710}.Debug|Any CPU.Build.0 = Debug|Any CPU
		{79BE6BC7-D308-4E5E-88B3-2A530E212710}.Release|Any CPU.ActiveCfg = Release|Any CPU
		{79BE6BC7-D308-4E5E-88B3-2A530E212710}.Release|Any CPU.Build.0 = Release|Any CPU
	EndGlobalSection
	GlobalSection(SolutionProperties) = preSolution
		HideSolutionNode = FALSE
	EndGlobalSection
	GlobalSection(ExtensibilityGlobals) = postSolution
		SolutionGuid = {91AB8850-8DC2-44B5-BD00-0CC09056545A}
	EndGlobalSection
EndGlobal
