
Microsoft Visual Studio Solution File, Format Version 12.00
# Visual Studio Version 16
VisualStudioVersion = 16.0.32802.440
MinimumVisualStudioVersion = 10.0.40219.1
Project("{FAE04EC0-301F-11D3-BF4B-00C04F79EFBC}") = "T7", "T7\T7.csproj", "{3D9DE98E-D92C-480E-BDEF-3EF7B729D518}"
EndProject
Project("{FAE04EC0-301F-11D3-BF4B-00C04F79EFBC}") = "C1", "C1\C1.csproj", "{A3A51F4C-ACCC-4543-B324-45EA7F518531}"
EndProject
Project("{FAE04EC0-301F-11D3-BF4B-00C04F79EFBC}") = "C2", "C2\C2.csproj", "{7055C445-23D5-4F40-A197-49674ED1B7ED}"
EndProject
Project("{FAE04EC0-301F-11D3-BF4B-00C04F79EFBC}") = "C3", "C3\C3.csproj", "{D33A0AA3-718F-4492-B9E3-C19AC8BBA8F9}"
EndProject
Global
	GlobalSection(SolutionConfigurationPlatforms) = preSolution
		Debug|Any CPU = Debug|Any CPU
		Release|Any CPU = Release|Any CPU
	EndGlobalSection
	GlobalSection(ProjectConfigurationPlatforms) = postSolution
		{3D9DE98E-D92C-480E-BDEF-3EF7B729D518}.Debug|Any CPU.ActiveCfg = Debug|Any CPU
		{3D9DE98E-D92C-480E-BDEF-3EF7B729D518}.Debug|Any CPU.Build.0 = Debug|Any CPU
		{3D9DE98E-D92C-480E-BDEF-3EF7B729D518}.Release|Any CPU.ActiveCfg = Release|Any CPU
		{3D9DE98E-D92C-480E-BDEF-3EF7B729D518}.Release|Any CPU.Build.0 = Release|Any CPU
		{A3A51F4C-ACCC-4543-B324-45EA7F518531}.Debug|Any CPU.ActiveCfg = Debug|Any CPU
		{A3A51F4C-ACCC-4543-B324-45EA7F518531}.Debug|Any CPU.Build.0 = Debug|Any CPU
		{A3A51F4C-ACCC-4543-B324-45EA7F518531}.Release|Any CPU.ActiveCfg = Release|Any CPU
		{A3A51F4C-ACCC-4543-B324-45EA7F518531}.Release|Any CPU.Build.0 = Release|Any CPU
		{7055C445-23D5-4F40-A197-49674ED1B7ED}.Debug|Any CPU.ActiveCfg = Debug|Any CPU
		{7055C445-23D5-4F40-A197-49674ED1B7ED}.Debug|Any CPU.Build.0 = Debug|Any CPU
		{7055C445-23D5-4F40-A197-49674ED1B7ED}.Release|Any CPU.ActiveCfg = Release|Any CPU
		{7055C445-23D5-4F40-A197-49674ED1B7ED}.Release|Any CPU.Build.0 = Release|Any CPU
		{D33A0AA3-718F-4492-B9E3-C19AC8BBA8F9}.Debug|Any CPU.ActiveCfg = Debug|Any CPU
		{D33A0AA3-718F-4492-B9E3-C19AC8BBA8F9}.Debug|Any CPU.Build.0 = Debug|Any CPU
		{D33A0AA3-718F-4492-B9E3-C19AC8BBA8F9}.Release|Any CPU.ActiveCfg = Release|Any CPU
		{D33A0AA3-718F-4492-B9E3-C19AC8BBA8F9}.Release|Any CPU.Build.0 = Release|Any CPU
	EndGlobalSection
	GlobalSection(SolutionProperties) = preSolution
		HideSolutionNode = FALSE
	EndGlobalSection
	GlobalSection(ExtensibilityGlobals) = postSolution
		SolutionGuid = {0246F1B7-8D68-40D2-9123-4F0D50967364}
	EndGlobalSection
EndGlobal
