
Microsoft Visual Studio Solution File, Format Version 12.00
# Visual Studio Version 16
VisualStudioVersion = 16.0.32802.440
MinimumVisualStudioVersion = 10.0.40219.1
Project("{FAE04EC0-301F-11D3-BF4B-00C04F79EFBC}") = "T2", "T2\T2.csproj", "{F526AF17-B8A6-4259-92F1-EB2376D03036}"
EndProject
Project("{FAE04EC0-301F-11D3-BF4B-00C04F79EFBC}") = "C1", "C1\C1.csproj", "{AAB0E35E-445C-4AE4-AF9C-1CA00D21481A}"
EndProject
Global
	GlobalSection(SolutionConfigurationPlatforms) = preSolution
		Debug|Any CPU = Debug|Any CPU
		Release|Any CPU = Release|Any CPU
	EndGlobalSection
	GlobalSection(ProjectConfigurationPlatforms) = postSolution
		{F526AF17-B8A6-4259-92F1-EB2376D03036}.Debug|Any CPU.ActiveCfg = Debug|Any CPU
		{F526AF17-B8A6-4259-92F1-EB2376D03036}.Debug|Any CPU.Build.0 = Debug|Any CPU
		{F526AF17-B8A6-4259-92F1-EB2376D03036}.Release|Any CPU.ActiveCfg = Release|Any CPU
		{F526AF17-B8A6-4259-92F1-EB2376D03036}.Release|Any CPU.Build.0 = Release|Any CPU
		{AAB0E35E-445C-4AE4-AF9C-1CA00D21481A}.Debug|Any CPU.ActiveCfg = Debug|Any CPU
		{AAB0E35E-445C-4AE4-AF9C-1CA00D21481A}.Debug|Any CPU.Build.0 = Debug|Any CPU
		{AAB0E35E-445C-4AE4-AF9C-1CA00D21481A}.Release|Any CPU.ActiveCfg = Release|Any CPU
		{AAB0E35E-445C-4AE4-AF9C-1CA00D21481A}.Release|Any CPU.Build.0 = Release|Any CPU
	EndGlobalSection
	GlobalSection(SolutionProperties) = preSolution
		HideSolutionNode = FALSE
	EndGlobalSection
	GlobalSection(ExtensibilityGlobals) = postSolution
		SolutionGuid = {3C0E0A1C-2761-43FA-8706-780080A07E75}
	EndGlobalSection
EndGlobal
