
Microsoft Visual Studio Solution File, Format Version 12.00
# Visual Studio Version 16
VisualStudioVersion = 16.0.32802.440
MinimumVisualStudioVersion = 10.0.40219.1
Project("{FAE04EC0-301F-11D3-BF4B-00C04F79EFBC}") = "TrainTicketing_MS", "TrainTicketing_MS\TrainTicketing_MS.csproj", "{4547E99B-0A30-47B3-869C-644024E0F421}"
EndProject
Project("{FAE04EC0-301F-11D3-BF4B-00C04F79EFBC}") = "TTMS", "TTMS\TTMS.csproj", "{ADA3620A-1F20-4894-909E-26E2AFA19B8F}"
EndProject
Global
	GlobalSection(SolutionConfigurationPlatforms) = preSolution
		Debug|Any CPU = Debug|Any CPU
		Release|Any CPU = Release|Any CPU
	EndGlobalSection
	GlobalSection(ProjectConfigurationPlatforms) = postSolution
		{4547E99B-0A30-47B3-869C-644024E0F421}.Debug|Any CPU.ActiveCfg = Debug|Any CPU
		{4547E99B-0A30-47B3-869C-644024E0F421}.Debug|Any CPU.Build.0 = Debug|Any CPU
		{4547E99B-0A30-47B3-869C-644024E0F421}.Release|Any CPU.ActiveCfg = Release|Any CPU
		{4547E99B-0A30-47B3-869C-644024E0F421}.Release|Any CPU.Build.0 = Release|Any CPU
		{ADA3620A-1F20-4894-909E-26E2AFA19B8F}.Debug|Any CPU.ActiveCfg = Debug|Any CPU
		{ADA3620A-1F20-4894-909E-26E2AFA19B8F}.Debug|Any CPU.Build.0 = Debug|Any CPU
		{ADA3620A-1F20-4894-909E-26E2AFA19B8F}.Release|Any CPU.ActiveCfg = Release|Any CPU
		{ADA3620A-1F20-4894-909E-26E2AFA19B8F}.Release|Any CPU.Build.0 = Release|Any CPU
	EndGlobalSection
	GlobalSection(SolutionProperties) = preSolution
		HideSolutionNode = FALSE
	EndGlobalSection
	GlobalSection(ExtensibilityGlobals) = postSolution
		SolutionGuid = {70230EAE-079F-4353-B1B6-F55EF6DC3142}
	EndGlobalSection
EndGlobal
