
Microsoft Visual Studio Solution File, Format Version 12.00
# Visual Studio Version 16
VisualStudioVersion = 16.0.34114.132
MinimumVisualStudioVersion = 10.0.40219.1
Project("{9A19103F-16F7-4668-BE54-9A1E7A4F7556}") = "T8", "T8\T8.csproj", "{92647494-462A-4EF9-BBEC-ADA8CEBAC693}"
EndProject
Project("{FAE04EC0-301F-11D3-BF4B-00C04F79EFBC}") = "C3", "C3\C3.csproj", "{BCB01E60-F247-4988-9F51-38F337C72879}"
EndProject
Global
	GlobalSection(SolutionConfigurationPlatforms) = preSolution
		Debug|Any CPU = Debug|Any CPU
		Release|Any CPU = Release|Any CPU
	EndGlobalSection
	GlobalSection(ProjectConfigurationPlatforms) = postSolution
		{92647494-462A-4EF9-BBEC-ADA8CEBAC693}.Debug|Any CPU.ActiveCfg = Debug|Any CPU
		{92647494-462A-4EF9-BBEC-ADA8CEBAC693}.Debug|Any CPU.Build.0 = Debug|Any CPU
		{92647494-462A-4EF9-BBEC-ADA8CEBAC693}.Release|Any CPU.ActiveCfg = Release|Any CPU
		{92647494-462A-4EF9-BBEC-ADA8CEBAC693}.Release|Any CPU.Build.0 = Release|Any CPU
		{BCB01E60-F247-4988-9F51-38F337C72879}.Debug|Any CPU.ActiveCfg = Debug|Any CPU
		{BCB01E60-F247-4988-9F51-38F337C72879}.Debug|Any CPU.Build.0 = Debug|Any CPU
		{BCB01E60-F247-4988-9F51-38F337C72879}.Release|Any CPU.ActiveCfg = Release|Any CPU
		{BCB01E60-F247-4988-9F51-38F337C72879}.Release|Any CPU.Build.0 = Release|Any CPU
	EndGlobalSection
	GlobalSection(SolutionProperties) = preSolution
		HideSolutionNode = FALSE
	EndGlobalSection
	GlobalSection(ExtensibilityGlobals) = postSolution
		SolutionGuid = {4F0E78A0-9EE0-455F-B815-980B0A153636}
	EndGlobalSection
EndGlobal
